
Microsoft Visual Studio Solution File, Format Version 12.00
# Visual Studio Version 17
VisualStudioVersion = 17.5.33627.172
MinimumVisualStudioVersion = 10.0.40219.1
Project("{9A19103F-16F7-4668-BE54-9A1E7A4F7556}") = "Api", "Api\Api.csproj", "{B0557A4A-8790-43CD-9966-15C3C3840427}"
EndProject
Project("{9A19103F-16F7-4668-BE54-9A1E7A4F7556}") = "Test", "Test\Test.csproj", "{39BB9A7C-9105-459D-A12F-9A2AA0D7D750}"
EndProject
Project("{9A19103F-16F7-4668-BE54-9A1E7A4F7556}") = "Test.Benchmark", "Test.Benchmark\Test.Benchmark.csproj", "{45166707-E06C-4BC2-B023-F39C280C9C6B}"
EndProject
Project("{9A19103F-16F7-4668-BE54-9A1E7A4F7556}") = "Test.Tests", "Test.Tests\Test.Tests.csproj", "{D8662A1E-254A-4ED9-A636-8922AE0A1381}"
EndProject
Global
	GlobalSection(SolutionConfigurationPlatforms) = preSolution
		Debug|Any CPU = Debug|Any CPU
		Release|Any CPU = Release|Any CPU
	EndGlobalSection
	GlobalSection(ProjectConfigurationPlatforms) = postSolution
		{B0557A4A-8790-43CD-9966-15C3C3840427}.Debug|Any CPU.ActiveCfg = Debug|Any CPU
		{B0557A4A-8790-43CD-9966-15C3C3840427}.Debug|Any CPU.Build.0 = Debug|Any CPU
		{B0557A4A-8790-43CD-9966-15C3C3840427}.Release|Any CPU.ActiveCfg = Release|Any CPU
		{B0557A4A-8790-43CD-9966-15C3C3840427}.Release|Any CPU.Build.0 = Release|Any CPU
		{39BB9A7C-9105-459D-A12F-9A2AA0D7D750}.Debug|Any CPU.ActiveCfg = Debug|Any CPU
		{39BB9A7C-9105-459D-A12F-9A2AA0D7D750}.Debug|Any CPU.Build.0 = Debug|Any CPU
		{39BB9A7C-9105-459D-A12F-9A2AA0D7D750}.Release|Any CPU.ActiveCfg = Release|Any CPU
		{39BB9A7C-9105-459D-A12F-9A2AA0D7D750}.Release|Any CPU.Build.0 = Release|Any CPU
		{45166707-E06C-4BC2-B023-F39C280C9C6B}.Debug|Any CPU.ActiveCfg = Debug|Any CPU
		{45166707-E06C-4BC2-B023-F39C280C9C6B}.Debug|Any CPU.Build.0 = Debug|Any CPU
		{45166707-E06C-4BC2-B023-F39C280C9C6B}.Release|Any CPU.ActiveCfg = Release|Any CPU
		{45166707-E06C-4BC2-B023-F39C280C9C6B}.Release|Any CPU.Build.0 = Release|Any CPU
		{D8662A1E-254A-4ED9-A636-8922AE0A1381}.Debug|Any CPU.ActiveCfg = Debug|Any CPU
		{D8662A1E-254A-4ED9-A636-8922AE0A1381}.Debug|Any CPU.Build.0 = Debug|Any CPU
		{D8662A1E-254A-4ED9-A636-8922AE0A1381}.Release|Any CPU.ActiveCfg = Release|Any CPU
		{D8662A1E-254A-4ED9-A636-8922AE0A1381}.Release|Any CPU.Build.0 = Release|Any CPU
	EndGlobalSection
	GlobalSection(SolutionProperties) = preSolution
		HideSolutionNode = FALSE
	EndGlobalSection
	GlobalSection(ExtensibilityGlobals) = postSolution
		SolutionGuid = {EC0901B6-4359-4599-BD71-464CF7FE62EB}
	EndGlobalSection
EndGlobal
